// !$*UTF8*$!
{
	archiveVersion = 1;
	classes = {
	};
	objectVersion = 56;
	objects = {

/* Begin PBXBuildFile section */
		5811551929978DA000479D41 /* FileMetaData.swift in Sources */ = {isa = PBXBuildFile; fileRef = 5811551829978DA000479D41 /* FileMetaData.swift */; };
		588F15B7298C42C800E8F8B2 /* Meta_SearchApp.swift in Sources */ = {isa = PBXBuildFile; fileRef = 588F15B6298C42C800E8F8B2 /* Meta_SearchApp.swift */; };
		588F15B9298C42C800E8F8B2 /* ContentView.swift in Sources */ = {isa = PBXBuildFile; fileRef = 588F15B8298C42C800E8F8B2 /* ContentView.swift */; };
		588F15BB298C42C800E8F8B2 /* Assets.xcassets in Resources */ = {isa = PBXBuildFile; fileRef = 588F15BA298C42C800E8F8B2 /* Assets.xcassets */; };
		588F15BE298C42C800E8F8B2 /* Preview Assets.xcassets in Resources */ = {isa = PBXBuildFile; fileRef = 588F15BD298C42C800E8F8B2 /* Preview Assets.xcassets */; };
		58B55779299FDC7D00DCB3E2 /* .gitignore in Resources */ = {isa = PBXBuildFile; fileRef = 58B55778299FDC7D00DCB3E2 /* .gitignore */; };
		58B5577C29A0E24100DCB3E2 /* FileListView.swift in Sources */ = {isa = PBXBuildFile; fileRef = 58B5577B29A0E24100DCB3E2 /* FileListView.swift */; };
		58B5577E29A0E2BF00DCB3E2 /* CheckFileOptions.swift in Sources */ = {isa = PBXBuildFile; fileRef = 58B5577D29A0E2BF00DCB3E2 /* CheckFileOptions.swift */; };
		58B5578029A0E78F00DCB3E2 /* SizeUnits.swift in Sources */ = {isa = PBXBuildFile; fileRef = 58B5577F29A0E78F00DCB3E2 /* SizeUnits.swift */; };
		58B5578429A1025700DCB3E2 /* FileListViewModel.swift in Sources */ = {isa = PBXBuildFile; fileRef = 58B5578329A1025700DCB3E2 /* FileListViewModel.swift */; };
		58B5578629A1C4AD00DCB3E2 /* InputFormView.swift in Sources */ = {isa = PBXBuildFile; fileRef = 58B5578529A1C4AD00DCB3E2 /* InputFormView.swift */; };
		58B5578829A1C64E00DCB3E2 /* StartView.swift in Sources */ = {isa = PBXBuildFile; fileRef = 58B5578729A1C64E00DCB3E2 /* StartView.swift */; };
/* End PBXBuildFile section */

/* Begin PBXFileReference section */
		5811551829978DA000479D41 /* FileMetaData.swift */ = {isa = PBXFileReference; lastKnownFileType = sourcecode.swift; path = FileMetaData.swift; sourceTree = "<group>"; };
		588F15B3298C42C800E8F8B2 /* Meta Search.app */ = {isa = PBXFileReference; explicitFileType = wrapper.application; includeInIndex = 0; path = "Meta Search.app"; sourceTree = BUILT_PRODUCTS_DIR; };
		588F15B6298C42C800E8F8B2 /* Meta_SearchApp.swift */ = {isa = PBXFileReference; lastKnownFileType = sourcecode.swift; path = Meta_SearchApp.swift; sourceTree = "<group>"; };
		588F15B8298C42C800E8F8B2 /* ContentView.swift */ = {isa = PBXFileReference; lastKnownFileType = sourcecode.swift; path = ContentView.swift; sourceTree = "<group>"; };
		588F15BA298C42C800E8F8B2 /* Assets.xcassets */ = {isa = PBXFileReference; lastKnownFileType = folder.assetcatalog; path = Assets.xcassets; sourceTree = "<group>"; };
		588F15BD298C42C800E8F8B2 /* Preview Assets.xcassets */ = {isa = PBXFileReference; lastKnownFileType = folder.assetcatalog; path = "Preview Assets.xcassets"; sourceTree = "<group>"; };
		588F15BF298C42C800E8F8B2 /* Meta_Search.entitlements */ = {isa = PBXFileReference; lastKnownFileType = text.plist.entitlements; path = Meta_Search.entitlements; sourceTree = "<group>"; };
		58B55778299FDC7D00DCB3E2 /* .gitignore */ = {isa = PBXFileReference; lastKnownFileType = text; path = .gitignore; sourceTree = "<group>"; };
		58B5577B29A0E24100DCB3E2 /* FileListView.swift */ = {isa = PBXFileReference; lastKnownFileType = sourcecode.swift; path = FileListView.swift; sourceTree = "<group>"; };
		58B5577D29A0E2BF00DCB3E2 /* CheckFileOptions.swift */ = {isa = PBXFileReference; lastKnownFileType = sourcecode.swift; path = CheckFileOptions.swift; sourceTree = "<group>"; };
		58B5577F29A0E78F00DCB3E2 /* SizeUnits.swift */ = {isa = PBXFileReference; lastKnownFileType = sourcecode.swift; path = SizeUnits.swift; sourceTree = "<group>"; };
		58B5578329A1025700DCB3E2 /* FileListViewModel.swift */ = {isa = PBXFileReference; lastKnownFileType = sourcecode.swift; path = FileListViewModel.swift; sourceTree = "<group>"; };
		58B5578529A1C4AD00DCB3E2 /* InputFormView.swift */ = {isa = PBXFileReference; lastKnownFileType = sourcecode.swift; path = InputFormView.swift; sourceTree = "<group>"; };
		58B5578729A1C64E00DCB3E2 /* StartView.swift */ = {isa = PBXFileReference; lastKnownFileType = sourcecode.swift; path = StartView.swift; sourceTree = "<group>"; };
/* End PBXFileReference section */

/* Begin PBXFrameworksBuildPhase section */
		588F15B0298C42C800E8F8B2 /* Frameworks */ = {
			isa = PBXFrameworksBuildPhase;
			buildActionMask = 2147483647;
			files = (
			);
			runOnlyForDeploymentPostprocessing = 0;
		};
/* End PBXFrameworksBuildPhase section */

/* Begin PBXGroup section */
		5811551729978D8400479D41 /* Models */ = {
			isa = PBXGroup;
			children = (
				5811551829978DA000479D41 /* FileMetaData.swift */,
				58B5577D29A0E2BF00DCB3E2 /* CheckFileOptions.swift */,
				58B5577F29A0E78F00DCB3E2 /* SizeUnits.swift */,
			);
			path = Models;
			sourceTree = "<group>";
		};
		588F15AA298C42C700E8F8B2 = {
			isa = PBXGroup;
			children = (
				58B55778299FDC7D00DCB3E2 /* .gitignore */,
				588F15B5298C42C800E8F8B2 /* Meta Search */,
				588F15B4298C42C800E8F8B2 /* Products */,
			);
			sourceTree = "<group>";
		};
		588F15B4298C42C800E8F8B2 /* Products */ = {
			isa = PBXGroup;
			children = (
				588F15B3298C42C800E8F8B2 /* Meta Search.app */,
			);
			name = Products;
			sourceTree = "<group>";
		};
		588F15B5298C42C800E8F8B2 /* Meta Search */ = {
			isa = PBXGroup;
			children = (
				58B5578229A1011200DCB3E2 /* ViewModels */,
				58B5577A29A0E23000DCB3E2 /* Views */,
				5811551729978D8400479D41 /* Models */,
				588F15B6298C42C800E8F8B2 /* Meta_SearchApp.swift */,
				588F15B8298C42C800E8F8B2 /* ContentView.swift */,
				588F15BA298C42C800E8F8B2 /* Assets.xcassets */,
				588F15BF298C42C800E8F8B2 /* Meta_Search.entitlements */,
				588F15BC298C42C800E8F8B2 /* Preview Content */,
			);
			path = "Meta Search";
			sourceTree = "<group>";
		};
		588F15BC298C42C800E8F8B2 /* Preview Content */ = {
			isa = PBXGroup;
			children = (
				588F15BD298C42C800E8F8B2 /* Preview Assets.xcassets */,
			);
			path = "Preview Content";
			sourceTree = "<group>";
		};
		58B5577A29A0E23000DCB3E2 /* Views */ = {
			isa = PBXGroup;
			children = (
				58B5577B29A0E24100DCB3E2 /* FileListView.swift */,
				58B5578529A1C4AD00DCB3E2 /* InputFormView.swift */,
				58B5578729A1C64E00DCB3E2 /* StartView.swift */,
			);
			path = Views;
			sourceTree = "<group>";
		};
		58B5578229A1011200DCB3E2 /* ViewModels */ = {
			isa = PBXGroup;
			children = (
				58B5578329A1025700DCB3E2 /* FileListViewModel.swift */,
			);
			path = ViewModels;
			sourceTree = "<group>";
		};
/* End PBXGroup section */

/* Begin PBXNativeTarget section */
		588F15B2298C42C800E8F8B2 /* Meta Search */ = {
			isa = PBXNativeTarget;
			buildConfigurationList = 588F15C2298C42C800E8F8B2 /* Build configuration list for PBXNativeTarget "Meta Search" */;
			buildPhases = (
				588F15AF298C42C800E8F8B2 /* Sources */,
				588F15B0298C42C800E8F8B2 /* Frameworks */,
				588F15B1298C42C800E8F8B2 /* Resources */,
			);
			buildRules = (
			);
			dependencies = (
			);
			name = "Meta Search";
			productName = "Meta Search";
			productReference = 588F15B3298C42C800E8F8B2 /* Meta Search.app */;
			productType = "com.apple.product-type.application";
		};
/* End PBXNativeTarget section */

/* Begin PBXProject section */
		588F15AB298C42C700E8F8B2 /* Project object */ = {
			isa = PBXProject;
			attributes = {
				BuildIndependentTargetsInParallel = 1;
				LastSwiftUpdateCheck = 1420;
				LastUpgradeCheck = 1420;
				TargetAttributes = {
					588F15B2298C42C800E8F8B2 = {
						CreatedOnToolsVersion = 14.2;
					};
				};
			};
			buildConfigurationList = 588F15AE298C42C700E8F8B2 /* Build configuration list for PBXProject "Meta Search" */;
			compatibilityVersion = "Xcode 14.0";
			developmentRegion = en;
			hasScannedForEncodings = 0;
			knownRegions = (
				en,
				Base,
			);
			mainGroup = 588F15AA298C42C700E8F8B2;
			productRefGroup = 588F15B4298C42C800E8F8B2 /* Products */;
			projectDirPath = "";
			projectRoot = "";
			targets = (
				588F15B2298C42C800E8F8B2 /* Meta Search */,
			);
		};
/* End PBXProject section */

/* Begin PBXResourcesBuildPhase section */
		588F15B1298C42C800E8F8B2 /* Resources */ = {
			isa = PBXResourcesBuildPhase;
			buildActionMask = 2147483647;
			files = (
				588F15BE298C42C800E8F8B2 /* Preview Assets.xcassets in Resources */,
				58B55779299FDC7D00DCB3E2 /* .gitignore in Resources */,
				588F15BB298C42C800E8F8B2 /* Assets.xcassets in Resources */,
			);
			runOnlyForDeploymentPostprocessing = 0;
		};
/* End PBXResourcesBuildPhase section */

/* Begin PBXSourcesBuildPhase section */
		588F15AF298C42C800E8F8B2 /* Sources */ = {
			isa = PBXSourcesBuildPhase;
			buildActionMask = 2147483647;
			files = (
				58B5578829A1C64E00DCB3E2 /* StartView.swift in Sources */,
				58B5578029A0E78F00DCB3E2 /* SizeUnits.swift in Sources */,
				58B5578429A1025700DCB3E2 /* FileListViewModel.swift in Sources */,
				58B5577C29A0E24100DCB3E2 /* FileListView.swift in Sources */,
				588F15B9298C42C800E8F8B2 /* ContentView.swift in Sources */,
				588F15B7298C42C800E8F8B2 /* Meta_SearchApp.swift in Sources */,
				58B5578629A1C4AD00DCB3E2 /* InputFormView.swift in Sources */,
				5811551929978DA000479D41 /* FileMetaData.swift in Sources */,
				58B5577E29A0E2BF00DCB3E2 /* CheckFileOptions.swift in Sources */,
			);
			runOnlyForDeploymentPostprocessing = 0;
		};
/* End PBXSourcesBuildPhase section */

/* Begin XCBuildConfiguration section */
		588F15C0298C42C800E8F8B2 /* Debug */ = {
			isa = XCBuildConfiguration;
			buildSettings = {
				ALWAYS_SEARCH_USER_PATHS = NO;
				CLANG_ANALYZER_NONNULL = YES;
				CLANG_ANALYZER_NUMBER_OBJECT_CONVERSION = YES_AGGRESSIVE;
				CLANG_CXX_LANGUAGE_STANDARD = "gnu++20";
				CLANG_ENABLE_MODULES = YES;
				CLANG_ENABLE_OBJC_ARC = YES;
				CLANG_ENABLE_OBJC_WEAK = YES;
				CLANG_WARN_BLOCK_CAPTURE_AUTORELEASING = YES;
				CLANG_WARN_BOOL_CONVERSION = YES;
				CLANG_WARN_COMMA = YES;
				CLANG_WARN_CONSTANT_CONVERSION = YES;
				CLANG_WARN_DEPRECATED_OBJC_IMPLEMENTATIONS = YES;
				CLANG_WARN_DIRECT_OBJC_ISA_USAGE = YES_ERROR;
				CLANG_WARN_DOCUMENTATION_COMMENTS = YES;
				CLANG_WARN_EMPTY_BODY = YES;
				CLANG_WARN_ENUM_CONVERSION = YES;
				CLANG_WARN_INFINITE_RECURSION = YES;
				CLANG_WARN_INT_CONVERSION = YES;
				CLANG_WARN_NON_LITERAL_NULL_CONVERSION = YES;
				CLANG_WARN_OBJC_IMPLICIT_RETAIN_SELF = YES;
				CLANG_WARN_OBJC_LITERAL_CONVERSION = YES;
				CLANG_WARN_OBJC_ROOT_CLASS = YES_ERROR;
				CLANG_WARN_QUOTED_INCLUDE_IN_FRAMEWORK_HEADER = YES;
				CLANG_WARN_RANGE_LOOP_ANALYSIS = YES;
				CLANG_WARN_STRICT_PROTOTYPES = YES;
				CLANG_WARN_SUSPICIOUS_MOVE = YES;
				CLANG_WARN_UNGUARDED_AVAILABILITY = YES_AGGRESSIVE;
				CLANG_WARN_UNREACHABLE_CODE = YES;
				CLANG_WARN__DUPLICATE_METHOD_MATCH = YES;
				COPY_PHASE_STRIP = NO;
				DEBUG_INFORMATION_FORMAT = dwarf;
				ENABLE_STRICT_OBJC_MSGSEND = YES;
				ENABLE_TESTABILITY = YES;
				GCC_C_LANGUAGE_STANDARD = gnu11;
				GCC_DYNAMIC_NO_PIC = NO;
				GCC_NO_COMMON_BLOCKS = YES;
				GCC_OPTIMIZATION_LEVEL = 0;
				GCC_PREPROCESSOR_DEFINITIONS = (
					"DEBUG=1",
					"$(inherited)",
				);
				GCC_WARN_64_TO_32_BIT_CONVERSION = YES;
				GCC_WARN_ABOUT_RETURN_TYPE = YES_ERROR;
				GCC_WARN_UNDECLARED_SELECTOR = YES;
				GCC_WARN_UNINITIALIZED_AUTOS = YES_AGGRESSIVE;
				GCC_WARN_UNUSED_FUNCTION = YES;
				GCC_WARN_UNUSED_VARIABLE = YES;
				MACOSX_DEPLOYMENT_TARGET = 13.1;
				MTL_ENABLE_DEBUG_INFO = INCLUDE_SOURCE;
				MTL_FAST_MATH = YES;
				ONLY_ACTIVE_ARCH = YES;
				SDKROOT = macosx;
				SWIFT_ACTIVE_COMPILATION_CONDITIONS = DEBUG;
				SWIFT_OPTIMIZATION_LEVEL = "-Onone";
			};
			name = Debug;
		};
		588F15C1298C42C800E8F8B2 /* Release */ = {
			isa = XCBuildConfiguration;
			buildSettings = {
				ALWAYS_SEARCH_USER_PATHS = NO;
				CLANG_ANALYZER_NONNULL = YES;
				CLANG_ANALYZER_NUMBER_OBJECT_CONVERSION = YES_AGGRESSIVE;
				CLANG_CXX_LANGUAGE_STANDARD = "gnu++20";
				CLANG_ENABLE_MODULES = YES;
				CLANG_ENABLE_OBJC_ARC = YES;
				CLANG_ENABLE_OBJC_WEAK = YES;
				CLANG_WARN_BLOCK_CAPTURE_AUTORELEASING = YES;
				CLANG_WARN_BOOL_CONVERSION = YES;
				CLANG_WARN_COMMA = YES;
				CLANG_WARN_CONSTANT_CONVERSION = YES;
				CLANG_WARN_DEPRECATED_OBJC_IMPLEMENTATIONS = YES;
				CLANG_WARN_DIRECT_OBJC_ISA_USAGE = YES_ERROR;
				CLANG_WARN_DOCUMENTATION_COMMENTS = YES;
				CLANG_WARN_EMPTY_BODY = YES;
				CLANG_WARN_ENUM_CONVERSION = YES;
				CLANG_WARN_INFINITE_RECURSION = YES;
				CLANG_WARN_INT_CONVERSION = YES;
				CLANG_WARN_NON_LITERAL_NULL_CONVERSION = YES;
				CLANG_WARN_OBJC_IMPLICIT_RETAIN_SELF = YES;
				CLANG_WARN_OBJC_LITERAL_CONVERSION = YES;
				CLANG_WARN_OBJC_ROOT_CLASS = YES_ERROR;
				CLANG_WARN_QUOTED_INCLUDE_IN_FRAMEWORK_HEADER = YES;
				CLANG_WARN_RANGE_LOOP_ANALYSIS = YES;
				CLANG_WARN_STRICT_PROTOTYPES = YES;
				CLANG_WARN_SUSPICIOUS_MOVE = YES;
				CLANG_WARN_UNGUARDED_AVAILABILITY = YES_AGGRESSIVE;
				CLANG_WARN_UNREACHABLE_CODE = YES;
				CLANG_WARN__DUPLICATE_METHOD_MATCH = YES;
				COPY_PHASE_STRIP = NO;
				DEBUG_INFORMATION_FORMAT = "dwarf-with-dsym";
				ENABLE_NS_ASSERTIONS = NO;
				ENABLE_STRICT_OBJC_MSGSEND = YES;
				GCC_C_LANGUAGE_STANDARD = gnu11;
				GCC_NO_COMMON_BLOCKS = YES;
				GCC_WARN_64_TO_32_BIT_CONVERSION = YES;
				GCC_WARN_ABOUT_RETURN_TYPE = YES_ERROR;
				GCC_WARN_UNDECLARED_SELECTOR = YES;
				GCC_WARN_UNINITIALIZED_AUTOS = YES_AGGRESSIVE;
				GCC_WARN_UNUSED_FUNCTION = YES;
				GCC_WARN_UNUSED_VARIABLE = YES;
				MACOSX_DEPLOYMENT_TARGET = 13.1;
				MTL_ENABLE_DEBUG_INFO = NO;
				MTL_FAST_MATH = YES;
				SDKROOT = macosx;
				SWIFT_COMPILATION_MODE = wholemodule;
				SWIFT_OPTIMIZATION_LEVEL = "-O";
			};
			name = Release;
		};
		588F15C3298C42C800E8F8B2 /* Debug */ = {
			isa = XCBuildConfiguration;
			buildSettings = {
				ASSETCATALOG_COMPILER_APPICON_NAME = AppIcon;
				ASSETCATALOG_COMPILER_GLOBAL_ACCENT_COLOR_NAME = AccentColor;
				CODE_SIGN_ENTITLEMENTS = "Meta Search/Meta_Search.entitlements";
				CODE_SIGN_STYLE = Automatic;
				COMBINE_HIDPI_IMAGES = YES;
				CURRENT_PROJECT_VERSION = 1;
				DEVELOPMENT_ASSET_PATHS = "\"Meta Search/Preview Content\"";
				DEVELOPMENT_TEAM = 42LUBBN42U;
				ENABLE_HARDENED_RUNTIME = YES;
				ENABLE_PREVIEWS = YES;
				GENERATE_INFOPLIST_FILE = YES;
				INFOPLIST_KEY_NSHumanReadableCopyright = "";
				LD_RUNPATH_SEARCH_PATHS = (
					"$(inherited)",
					"@executable_path/../Frameworks",
				);
				MARKETING_VERSION = 1.0;
				PRODUCT_BUNDLE_IDENTIFIER = "com.kerail.Meta-Search";
				PRODUCT_NAME = "$(TARGET_NAME)";
				SWIFT_EMIT_LOC_STRINGS = YES;
				SWIFT_VERSION = 5.0;
			};
			name = Debug;
		};
		588F15C4298C42C800E8F8B2 /* Release */ = {
			isa = XCBuildConfiguration;
			buildSettings = {
				ASSETCATALOG_COMPILER_APPICON_NAME = AppIcon;
				ASSETCATALOG_COMPILER_GLOBAL_ACCENT_COLOR_NAME = AccentColor;
				CODE_SIGN_ENTITLEMENTS = "Meta Search/Meta_Search.entitlements";
				CODE_SIGN_STYLE = Automatic;
				COMBINE_HIDPI_IMAGES = YES;
				CURRENT_PROJECT_VERSION = 1;
				DEVELOPMENT_ASSET_PATHS = "\"Meta Search/Preview Content\"";
				DEVELOPMENT_TEAM = 42LUBBN42U;
				ENABLE_HARDENED_RUNTIME = YES;
				ENABLE_PREVIEWS = YES;
				GENERATE_INFOPLIST_FILE = YES;
				INFOPLIST_KEY_NSHumanReadableCopyright = "";
				LD_RUNPATH_SEARCH_PATHS = (
					"$(inherited)",
					"@executable_path/../Frameworks",
				);
				MARKETING_VERSION = 1.0;
				PRODUCT_BUNDLE_IDENTIFIER = "com.kerail.Meta-Search";
				PRODUCT_NAME = "$(TARGET_NAME)";
				SWIFT_EMIT_LOC_STRINGS = YES;
				SWIFT_VERSION = 5.0;
			};
			name = Release;
		};
/* End XCBuildConfiguration section */

/* Begin XCConfigurationList section */
		588F15AE298C42C700E8F8B2 /* Build configuration list for PBXProject "Meta Search" */ = {
			isa = XCConfigurationList;
			buildConfigurations = (
				588F15C0298C42C800E8F8B2 /* Debug */,
				588F15C1298C42C800E8F8B2 /* Release */,
			);
			defaultConfigurationIsVisible = 0;
			defaultConfigurationName = Release;
		};
		588F15C2298C42C800E8F8B2 /* Build configuration list for PBXNativeTarget "Meta Search" */ = {
			isa = XCConfigurationList;
			buildConfigurations = (
				588F15C3298C42C800E8F8B2 /* Debug */,
				588F15C4298C42C800E8F8B2 /* Release */,
			);
			defaultConfigurationIsVisible = 0;
			defaultConfigurationName = Release;
		};
/* End XCConfigurationList section */
	};
	rootObject = 588F15AB298C42C700E8F8B2 /* Project object */;
}
